
Microsoft Visual Studio Solution File, Format Version 12.00
# Visual Studio Version 16
VisualStudioVersion = 16.0.31112.23
MinimumVisualStudioVersion = 10.0.40219.1
Project("{F2A71F9B-5D33-465A-A702-920D77279786}") = "Lazy", "Lazy\Lazy.fsproj", "{72836EAF-17BA-44C7-B0AC-E21DDED35810}"
EndProject
Global
	GlobalSection(SolutionConfigurationPlatforms) = preSolution
		Debug|Any CPU = Debug|Any CPU
		Release|Any CPU = Release|Any CPU
	EndGlobalSection
	GlobalSection(ProjectConfigurationPlatforms) = postSolution
		{72836EAF-17BA-44C7-B0AC-E21DDED35810}.Debug|Any CPU.ActiveCfg = Debug|Any CPU
		{72836EAF-17BA-44C7-B0AC-E21DDED35810}.Debug|Any CPU.Build.0 = Debug|Any CPU
		{72836EAF-17BA-44C7-B0AC-E21DDED35810}.Release|Any CPU.ActiveCfg = Release|Any CPU
		{72836EAF-17BA-44C7-B0AC-E21DDED35810}.Release|Any CPU.Build.0 = Release|Any CPU
	EndGlobalSection
	GlobalSection(SolutionProperties) = preSolution
		HideSolutionNode = FALSE
	EndGlobalSection
	GlobalSection(ExtensibilityGlobals) = postSolution
		SolutionGuid = {B57ED97F-180C-447B-AA27-C20A8347D012}
	EndGlobalSection
EndGlobal
