
Microsoft Visual Studio Solution File, Format Version 12.00
# Visual Studio Version 16
VisualStudioVersion = 16.0.31112.23
MinimumVisualStudioVersion = 10.0.40219.1
Project("{F2A71F9B-5D33-465A-A702-920D77279786}") = "MiniCrawler", "MiniCrawler\MiniCrawler.fsproj", "{B9A13D22-0125-45A7-A554-4CC3B9F1DD28}"
EndProject
Global
	GlobalSection(SolutionConfigurationPlatforms) = preSolution
		Debug|Any CPU = Debug|Any CPU
		Release|Any CPU = Release|Any CPU
	EndGlobalSection
	GlobalSection(ProjectConfigurationPlatforms) = postSolution
		{B9A13D22-0125-45A7-A554-4CC3B9F1DD28}.Debug|Any CPU.ActiveCfg = Debug|Any CPU
		{B9A13D22-0125-45A7-A554-4CC3B9F1DD28}.Debug|Any CPU.Build.0 = Debug|Any CPU
		{B9A13D22-0125-45A7-A554-4CC3B9F1DD28}.Release|Any CPU.ActiveCfg = Release|Any CPU
		{B9A13D22-0125-45A7-A554-4CC3B9F1DD28}.Release|Any CPU.Build.0 = Release|Any CPU
	EndGlobalSection
	GlobalSection(SolutionProperties) = preSolution
		HideSolutionNode = FALSE
	EndGlobalSection
	GlobalSection(ExtensibilityGlobals) = postSolution
		SolutionGuid = {D44A8D40-1159-4941-A850-07381E755BAD}
	EndGlobalSection
EndGlobal
