
Microsoft Visual Studio Solution File, Format Version 12.00
# Visual Studio Version 16
VisualStudioVersion = 16.0.31019.35
MinimumVisualStudioVersion = 10.0.40219.1
Project("{F2A71F9B-5D33-465A-A702-920D77279786}") = "MapForTrees", "MapForTrees\MapForTrees.fsproj", "{247D6BA2-5945-4311-8BE5-D47AA7612C94}"
EndProject
Project("{F2A71F9B-5D33-465A-A702-920D77279786}") = "MapForTrees.Tests", "MapForTrees.Tests\MapForTrees.Tests.fsproj", "{5BD359EC-5ED4-4DDB-B125-BDCD6E5EEAE7}"
EndProject
Global
	GlobalSection(SolutionConfigurationPlatforms) = preSolution
		Debug|Any CPU = Debug|Any CPU
		Release|Any CPU = Release|Any CPU
	EndGlobalSection
	GlobalSection(ProjectConfigurationPlatforms) = postSolution
		{247D6BA2-5945-4311-8BE5-D47AA7612C94}.Debug|Any CPU.ActiveCfg = Debug|Any CPU
		{247D6BA2-5945-4311-8BE5-D47AA7612C94}.Debug|Any CPU.Build.0 = Debug|Any CPU
		{247D6BA2-5945-4311-8BE5-D47AA7612C94}.Release|Any CPU.ActiveCfg = Release|Any CPU
		{247D6BA2-5945-4311-8BE5-D47AA7612C94}.Release|Any CPU.Build.0 = Release|Any CPU
		{5BD359EC-5ED4-4DDB-B125-BDCD6E5EEAE7}.Debug|Any CPU.ActiveCfg = Debug|Any CPU
		{5BD359EC-5ED4-4DDB-B125-BDCD6E5EEAE7}.Debug|Any CPU.Build.0 = Debug|Any CPU
		{5BD359EC-5ED4-4DDB-B125-BDCD6E5EEAE7}.Release|Any CPU.ActiveCfg = Release|Any CPU
		{5BD359EC-5ED4-4DDB-B125-BDCD6E5EEAE7}.Release|Any CPU.Build.0 = Release|Any CPU
	EndGlobalSection
	GlobalSection(SolutionProperties) = preSolution
		HideSolutionNode = FALSE
	EndGlobalSection
	GlobalSection(ExtensibilityGlobals) = postSolution
		SolutionGuid = {CB4391D7-7B0A-4F83-885C-2B2D7CA973D2}
	EndGlobalSection
EndGlobal
