
Microsoft Visual Studio Solution File, Format Version 12.00
# Visual Studio Version 16
VisualStudioVersion = 16.0.31112.23
MinimumVisualStudioVersion = 10.0.40219.1
Project("{6EC3EE1D-3C4E-46DD-8F32-0CC8E7565705}") = "LockFreeParking", "LockFreeParking\LockFreeParking.fsproj", "{8F57896B-BA7B-4488-A2C3-7255F186CFC7}"
EndProject
Project("{F2A71F9B-5D33-465A-A702-920D77279786}") = "LockFreeParking.Tests", "LockFreeParking.Tests\LockFreeParking.Tests.fsproj", "{E7C1C039-85EC-4481-BD5E-0D7D4607AC2F}"
EndProject
Global
	GlobalSection(SolutionConfigurationPlatforms) = preSolution
		Debug|Any CPU = Debug|Any CPU
		Release|Any CPU = Release|Any CPU
	EndGlobalSection
	GlobalSection(ProjectConfigurationPlatforms) = postSolution
		{8F57896B-BA7B-4488-A2C3-7255F186CFC7}.Debug|Any CPU.ActiveCfg = Debug|Any CPU
		{8F57896B-BA7B-4488-A2C3-7255F186CFC7}.Debug|Any CPU.Build.0 = Debug|Any CPU
		{8F57896B-BA7B-4488-A2C3-7255F186CFC7}.Release|Any CPU.ActiveCfg = Release|Any CPU
		{8F57896B-BA7B-4488-A2C3-7255F186CFC7}.Release|Any CPU.Build.0 = Release|Any CPU
		{E7C1C039-85EC-4481-BD5E-0D7D4607AC2F}.Debug|Any CPU.ActiveCfg = Debug|Any CPU
		{E7C1C039-85EC-4481-BD5E-0D7D4607AC2F}.Debug|Any CPU.Build.0 = Debug|Any CPU
		{E7C1C039-85EC-4481-BD5E-0D7D4607AC2F}.Release|Any CPU.ActiveCfg = Release|Any CPU
		{E7C1C039-85EC-4481-BD5E-0D7D4607AC2F}.Release|Any CPU.Build.0 = Release|Any CPU
	EndGlobalSection
	GlobalSection(SolutionProperties) = preSolution
		HideSolutionNode = FALSE
	EndGlobalSection
	GlobalSection(ExtensibilityGlobals) = postSolution
		SolutionGuid = {1857AD63-0F2C-4B8C-AF7E-1A437F19AB69}
	EndGlobalSection
EndGlobal
