
Microsoft Visual Studio Solution File, Format Version 12.00
# Visual Studio Version 16
VisualStudioVersion = 16.0.30225.117
MinimumVisualStudioVersion = 10.0.40219.1
Project("{F2A71F9B-5D33-465A-A702-920D77279786}") = "Factorial", "Factorial\Factorial.fsproj", "{27953D10-69A4-4FAB-B1D8-0152634F97D0}"
EndProject
Global
	GlobalSection(SolutionConfigurationPlatforms) = preSolution
		Debug|Any CPU = Debug|Any CPU
		Release|Any CPU = Release|Any CPU
	EndGlobalSection
	GlobalSection(ProjectConfigurationPlatforms) = postSolution
		{27953D10-69A4-4FAB-B1D8-0152634F97D0}.Debug|Any CPU.ActiveCfg = Debug|Any CPU
		{27953D10-69A4-4FAB-B1D8-0152634F97D0}.Debug|Any CPU.Build.0 = Debug|Any CPU
		{27953D10-69A4-4FAB-B1D8-0152634F97D0}.Release|Any CPU.ActiveCfg = Release|Any CPU
		{27953D10-69A4-4FAB-B1D8-0152634F97D0}.Release|Any CPU.Build.0 = Release|Any CPU
	EndGlobalSection
	GlobalSection(SolutionProperties) = preSolution
		HideSolutionNode = FALSE
	EndGlobalSection
	GlobalSection(ExtensibilityGlobals) = postSolution
		SolutionGuid = {041AF41A-3325-4045-BAE9-D809B5703970}
	EndGlobalSection
EndGlobal
