
Microsoft Visual Studio Solution File, Format Version 12.00
# Visual Studio Version 16
VisualStudioVersion = 16.0.31019.35
MinimumVisualStudioVersion = 10.0.40219.1
Project("{F2A71F9B-5D33-465A-A702-920D77279786}") = "ArithmeticParseTree", "ArithmeticParseTree\ArithmeticParseTree.fsproj", "{4821A2D7-3AA8-4D58-8B1E-992D5367F76E}"
EndProject
Project("{F2A71F9B-5D33-465A-A702-920D77279786}") = "ArithmeticParseTree.Tests", "..\ArithmeticParseTree.Tests\ArithmeticParseTree.Tests.fsproj", "{8E3F474E-3E5A-4DF4-8A95-AB62CDEC82EB}"
EndProject
Global
	GlobalSection(SolutionConfigurationPlatforms) = preSolution
		Debug|Any CPU = Debug|Any CPU
		Release|Any CPU = Release|Any CPU
	EndGlobalSection
	GlobalSection(ProjectConfigurationPlatforms) = postSolution
		{4821A2D7-3AA8-4D58-8B1E-992D5367F76E}.Debug|Any CPU.ActiveCfg = Debug|Any CPU
		{4821A2D7-3AA8-4D58-8B1E-992D5367F76E}.Debug|Any CPU.Build.0 = Debug|Any CPU
		{4821A2D7-3AA8-4D58-8B1E-992D5367F76E}.Release|Any CPU.ActiveCfg = Release|Any CPU
		{4821A2D7-3AA8-4D58-8B1E-992D5367F76E}.Release|Any CPU.Build.0 = Release|Any CPU
		{8E3F474E-3E5A-4DF4-8A95-AB62CDEC82EB}.Debug|Any CPU.ActiveCfg = Debug|Any CPU
		{8E3F474E-3E5A-4DF4-8A95-AB62CDEC82EB}.Debug|Any CPU.Build.0 = Debug|Any CPU
		{8E3F474E-3E5A-4DF4-8A95-AB62CDEC82EB}.Release|Any CPU.ActiveCfg = Release|Any CPU
		{8E3F474E-3E5A-4DF4-8A95-AB62CDEC82EB}.Release|Any CPU.Build.0 = Release|Any CPU
	EndGlobalSection
	GlobalSection(SolutionProperties) = preSolution
		HideSolutionNode = FALSE
	EndGlobalSection
	GlobalSection(ExtensibilityGlobals) = postSolution
		SolutionGuid = {70043680-C0CA-4A07-8281-DDD6316E8C03}
	EndGlobalSection
EndGlobal
